
Microsoft Visual Studio Solution File, Format Version 12.00
# Visual Studio Version 17
VisualStudioVersion = 17.1.32228.430
MinimumVisualStudioVersion = 10.0.40219.1
Project("{9A19103F-16F7-4668-BE54-9A1E7A4F7556}") = "Practos №1", "Practos №1.csproj", "{F2F6C4C8-5830-41A4-8AFF-737E53A3DDD2}"
	ProjectSection(ProjectDependencies) = postProject
		{9D8A5778-43D6-4331-A3BB-A7660D078C87} = {9D8A5778-43D6-4331-A3BB-A7660D078C87}
	EndProjectSection
EndProject
Project("{FAE04EC0-301F-11D3-BF4B-00C04F79EFBC}") = "Lib_11", "..\Lib_11\Lib_11.csproj", "{9D8A5778-43D6-4331-A3BB-A7660D078C87}"
EndProject
Global
	GlobalSection(SolutionConfigurationPlatforms) = preSolution
		Debug|Any CPU = Debug|Any CPU
		Release|Any CPU = Release|Any CPU
	EndGlobalSection
	GlobalSection(ProjectConfigurationPlatforms) = postSolution
		{F2F6C4C8-5830-41A4-8AFF-737E53A3DDD2}.Debug|Any CPU.ActiveCfg = Debug|Any CPU
		{F2F6C4C8-5830-41A4-8AFF-737E53A3DDD2}.Debug|Any CPU.Build.0 = Debug|Any CPU
		{F2F6C4C8-5830-41A4-8AFF-737E53A3DDD2}.Release|Any CPU.ActiveCfg = Release|Any CPU
		{F2F6C4C8-5830-41A4-8AFF-737E53A3DDD2}.Release|Any CPU.Build.0 = Release|Any CPU
		{9D8A5778-43D6-4331-A3BB-A7660D078C87}.Debug|Any CPU.ActiveCfg = Debug|Any CPU
		{9D8A5778-43D6-4331-A3BB-A7660D078C87}.Debug|Any CPU.Build.0 = Debug|Any CPU
		{9D8A5778-43D6-4331-A3BB-A7660D078C87}.Release|Any CPU.ActiveCfg = Release|Any CPU
		{9D8A5778-43D6-4331-A3BB-A7660D078C87}.Release|Any CPU.Build.0 = Release|Any CPU
	EndGlobalSection
	GlobalSection(SolutionProperties) = preSolution
		HideSolutionNode = FALSE
	EndGlobalSection
	GlobalSection(ExtensibilityGlobals) = postSolution
		SolutionGuid = {A9F4594F-DCB1-4728-A9C6-E7071913B863}
	EndGlobalSection
EndGlobal
