
Microsoft Visual Studio Solution File, Format Version 12.00
# Visual Studio Version 16
VisualStudioVersion = 16.0.32228.343
MinimumVisualStudioVersion = 10.0.40219.1
Project("{FAE04EC0-301F-11D3-BF4B-00C04F79EFBC}") = "Practoc3", "Practoc3.csproj", "{67307346-56E0-41A3-8F10-9113504AB778}"
EndProject
Project("{FAE04EC0-301F-11D3-BF4B-00C04F79EFBC}") = "Lib_11", "..\Lib_11\Lib_11.csproj", "{828548E5-493A-4DC9-87E0-56BC9C941584}"
EndProject
Project("{FAE04EC0-301F-11D3-BF4B-00C04F79EFBC}") = "LibMatrix", "..\LibMatrix\LibMatrix.csproj", "{BE2979C8-F993-4965-90B0-9B949C94534E}"
EndProject
Global
	GlobalSection(SolutionConfigurationPlatforms) = preSolution
		Debug|Any CPU = Debug|Any CPU
		Release|Any CPU = Release|Any CPU
	EndGlobalSection
	GlobalSection(ProjectConfigurationPlatforms) = postSolution
		{67307346-56E0-41A3-8F10-9113504AB778}.Debug|Any CPU.ActiveCfg = Debug|Any CPU
		{67307346-56E0-41A3-8F10-9113504AB778}.Debug|Any CPU.Build.0 = Debug|Any CPU
		{67307346-56E0-41A3-8F10-9113504AB778}.Release|Any CPU.ActiveCfg = Release|Any CPU
		{67307346-56E0-41A3-8F10-9113504AB778}.Release|Any CPU.Build.0 = Release|Any CPU
		{828548E5-493A-4DC9-87E0-56BC9C941584}.Debug|Any CPU.ActiveCfg = Debug|Any CPU
		{828548E5-493A-4DC9-87E0-56BC9C941584}.Debug|Any CPU.Build.0 = Debug|Any CPU
		{828548E5-493A-4DC9-87E0-56BC9C941584}.Release|Any CPU.ActiveCfg = Release|Any CPU
		{828548E5-493A-4DC9-87E0-56BC9C941584}.Release|Any CPU.Build.0 = Release|Any CPU
		{BE2979C8-F993-4965-90B0-9B949C94534E}.Debug|Any CPU.ActiveCfg = Debug|Any CPU
		{BE2979C8-F993-4965-90B0-9B949C94534E}.Debug|Any CPU.Build.0 = Debug|Any CPU
		{BE2979C8-F993-4965-90B0-9B949C94534E}.Release|Any CPU.ActiveCfg = Release|Any CPU
		{BE2979C8-F993-4965-90B0-9B949C94534E}.Release|Any CPU.Build.0 = Release|Any CPU
	EndGlobalSection
	GlobalSection(SolutionProperties) = preSolution
		HideSolutionNode = FALSE
	EndGlobalSection
	GlobalSection(ExtensibilityGlobals) = postSolution
		SolutionGuid = {532F106A-5D0E-461F-87D9-60177A4622D5}
	EndGlobalSection
EndGlobal
